
Microsoft Visual Studio Solution File, Format Version 12.00
# Visual Studio Version 17
VisualStudioVersion = 17.6.33815.320
MinimumVisualStudioVersion = 10.0.40219.1
Project("{2150E333-8FDC-42A3-9474-1A3956D46DE8}") = "Application", "Application", "{B9411708-6A79-4BC9-8780-BCE87E81929C}"
EndProject
Project("{2150E333-8FDC-42A3-9474-1A3956D46DE8}") = "Domain", "Domain", "{31041B1A-935D-487F-B75E-1A0F6DFDDF32}"
EndProject
Project("{2150E333-8FDC-42A3-9474-1A3956D46DE8}") = "Infraestructure", "Infraestructure", "{FEF88037-56FE-40F7-85C0-8B2679D7C159}"
EndProject
Project("{2150E333-8FDC-42A3-9474-1A3956D46DE8}") = "API", "API", "{9D0045DD-7D99-4F83-AF83-AD6C90F41A9D}"
EndProject
Project("{2150E333-8FDC-42A3-9474-1A3956D46DE8}") = "Persistence", "Persistence", "{C01ECB4E-D8F2-4E01-8F40-138DDC13ECCC}"
EndProject
Project("{9A19103F-16F7-4668-BE54-9A1E7A4F7556}") = "F2x.Persistence", "F2x.Persistence\F2x.Persistence.csproj", "{EC6C522C-CA78-4D5D-8091-20987D9EB086}"
EndProject
Project("{9A19103F-16F7-4668-BE54-9A1E7A4F7556}") = "F2x.UseCases", "F2x.UseCases\F2x.UseCases.csproj", "{D33C10A8-D5CD-4C69-89E5-7C8F4346C4BC}"
EndProject
Project("{9A19103F-16F7-4668-BE54-9A1E7A4F7556}") = "F2x.EntityDomain", "F2x.EntityDomain\F2x.EntityDomain.csproj", "{2715999F-83CD-49CD-9A15-959811079A17}"
EndProject
Project("{9A19103F-16F7-4668-BE54-9A1E7A4F7556}") = "F2x.RepositoryInterface", "F2x.RepositoryInterface\F2x.RepositoryInterface.csproj", "{5CFAD1B1-4509-4D9C-9387-B0F57D37BFBE}"
EndProject
Project("{2150E333-8FDC-42A3-9474-1A3956D46DE8}") = "Transversal", "Transversal", "{3223808F-C3E5-4C5C-95E8-D0E613A46902}"
EndProject
Project("{9A19103F-16F7-4668-BE54-9A1E7A4F7556}") = "F2x.Common", "F2x.Common\F2x.Common.csproj", "{6031E5C3-820F-4F2B-B07E-9760C33D7F93}"
EndProject
Project("{9A19103F-16F7-4668-BE54-9A1E7A4F7556}") = "F2x.UnitTest", "F2x.UnitTest\F2x.UnitTest.csproj", "{3FBC6066-14F3-4AB6-9665-A222AA63E5F8}"
EndProject
Project("{9A19103F-16F7-4668-BE54-9A1E7A4F7556}") = "F2x.API", "F2x.API\F2x.API.csproj", "{1F858470-0824-49B8-ACD1-378EE61604CF}"
EndProject
Global
	GlobalSection(SolutionConfigurationPlatforms) = preSolution
		Debug|Any CPU = Debug|Any CPU
		Release|Any CPU = Release|Any CPU
	EndGlobalSection
	GlobalSection(ProjectConfigurationPlatforms) = postSolution
		{EC6C522C-CA78-4D5D-8091-20987D9EB086}.Debug|Any CPU.ActiveCfg = Debug|Any CPU
		{EC6C522C-CA78-4D5D-8091-20987D9EB086}.Debug|Any CPU.Build.0 = Debug|Any CPU
		{EC6C522C-CA78-4D5D-8091-20987D9EB086}.Release|Any CPU.ActiveCfg = Release|Any CPU
		{EC6C522C-CA78-4D5D-8091-20987D9EB086}.Release|Any CPU.Build.0 = Release|Any CPU
		{D33C10A8-D5CD-4C69-89E5-7C8F4346C4BC}.Debug|Any CPU.ActiveCfg = Debug|Any CPU
		{D33C10A8-D5CD-4C69-89E5-7C8F4346C4BC}.Debug|Any CPU.Build.0 = Debug|Any CPU
		{D33C10A8-D5CD-4C69-89E5-7C8F4346C4BC}.Release|Any CPU.ActiveCfg = Release|Any CPU
		{D33C10A8-D5CD-4C69-89E5-7C8F4346C4BC}.Release|Any CPU.Build.0 = Release|Any CPU
		{2715999F-83CD-49CD-9A15-959811079A17}.Debug|Any CPU.ActiveCfg = Debug|Any CPU
		{2715999F-83CD-49CD-9A15-959811079A17}.Debug|Any CPU.Build.0 = Debug|Any CPU
		{2715999F-83CD-49CD-9A15-959811079A17}.Release|Any CPU.ActiveCfg = Release|Any CPU
		{2715999F-83CD-49CD-9A15-959811079A17}.Release|Any CPU.Build.0 = Release|Any CPU
		{5CFAD1B1-4509-4D9C-9387-B0F57D37BFBE}.Debug|Any CPU.ActiveCfg = Debug|Any CPU
		{5CFAD1B1-4509-4D9C-9387-B0F57D37BFBE}.Debug|Any CPU.Build.0 = Debug|Any CPU
		{5CFAD1B1-4509-4D9C-9387-B0F57D37BFBE}.Release|Any CPU.ActiveCfg = Release|Any CPU
		{5CFAD1B1-4509-4D9C-9387-B0F57D37BFBE}.Release|Any CPU.Build.0 = Release|Any CPU
		{6031E5C3-820F-4F2B-B07E-9760C33D7F93}.Debug|Any CPU.ActiveCfg = Debug|Any CPU
		{6031E5C3-820F-4F2B-B07E-9760C33D7F93}.Debug|Any CPU.Build.0 = Debug|Any CPU
		{6031E5C3-820F-4F2B-B07E-9760C33D7F93}.Release|Any CPU.ActiveCfg = Release|Any CPU
		{6031E5C3-820F-4F2B-B07E-9760C33D7F93}.Release|Any CPU.Build.0 = Release|Any CPU
		{3FBC6066-14F3-4AB6-9665-A222AA63E5F8}.Debug|Any CPU.ActiveCfg = Debug|Any CPU
		{3FBC6066-14F3-4AB6-9665-A222AA63E5F8}.Debug|Any CPU.Build.0 = Debug|Any CPU
		{3FBC6066-14F3-4AB6-9665-A222AA63E5F8}.Release|Any CPU.ActiveCfg = Release|Any CPU
		{3FBC6066-14F3-4AB6-9665-A222AA63E5F8}.Release|Any CPU.Build.0 = Release|Any CPU
		{1F858470-0824-49B8-ACD1-378EE61604CF}.Debug|Any CPU.ActiveCfg = Debug|Any CPU
		{1F858470-0824-49B8-ACD1-378EE61604CF}.Debug|Any CPU.Build.0 = Debug|Any CPU
		{1F858470-0824-49B8-ACD1-378EE61604CF}.Release|Any CPU.ActiveCfg = Release|Any CPU
		{1F858470-0824-49B8-ACD1-378EE61604CF}.Release|Any CPU.Build.0 = Release|Any CPU
	EndGlobalSection
	GlobalSection(SolutionProperties) = preSolution
		HideSolutionNode = FALSE
	EndGlobalSection
	GlobalSection(NestedProjects) = preSolution
		{9D0045DD-7D99-4F83-AF83-AD6C90F41A9D} = {FEF88037-56FE-40F7-85C0-8B2679D7C159}
		{C01ECB4E-D8F2-4E01-8F40-138DDC13ECCC} = {FEF88037-56FE-40F7-85C0-8B2679D7C159}
		{EC6C522C-CA78-4D5D-8091-20987D9EB086} = {C01ECB4E-D8F2-4E01-8F40-138DDC13ECCC}
		{D33C10A8-D5CD-4C69-89E5-7C8F4346C4BC} = {B9411708-6A79-4BC9-8780-BCE87E81929C}
		{2715999F-83CD-49CD-9A15-959811079A17} = {31041B1A-935D-487F-B75E-1A0F6DFDDF32}
		{5CFAD1B1-4509-4D9C-9387-B0F57D37BFBE} = {31041B1A-935D-487F-B75E-1A0F6DFDDF32}
		{6031E5C3-820F-4F2B-B07E-9760C33D7F93} = {3223808F-C3E5-4C5C-95E8-D0E613A46902}
		{3FBC6066-14F3-4AB6-9665-A222AA63E5F8} = {3223808F-C3E5-4C5C-95E8-D0E613A46902}
		{1F858470-0824-49B8-ACD1-378EE61604CF} = {9D0045DD-7D99-4F83-AF83-AD6C90F41A9D}
	EndGlobalSection
	GlobalSection(ExtensibilityGlobals) = postSolution
		SolutionGuid = {8FF0D32A-2635-4EDB-ADEB-39E7D843785D}
	EndGlobalSection
EndGlobal
